
Microsoft Visual Studio Solution File, Format Version 12.00
# Visual Studio Version 17
VisualStudioVersion = 17.14.36414.22 d17.14
MinimumVisualStudioVersion = 10.0.40219.1
Project("{FAE04EC0-301F-11D3-BF4B-00C04F79EFBC}") = "18", "18\18.csproj", "{FFA4D7F9-23A1-4418-8DE7-243293E9F48F}"
EndProject
Global
	GlobalSection(SolutionConfigurationPlatforms) = preSolution
		Debug|Any CPU = Debug|Any CPU
		Release|Any CPU = Release|Any CPU
	EndGlobalSection
	GlobalSection(ProjectConfigurationPlatforms) = postSolution
		{FFA4D7F9-23A1-4418-8DE7-243293E9F48F}.Debug|Any CPU.ActiveCfg = Debug|Any CPU
		{FFA4D7F9-23A1-4418-8DE7-243293E9F48F}.Debug|Any CPU.Build.0 = Debug|Any CPU
		{FFA4D7F9-23A1-4418-8DE7-243293E9F48F}.Release|Any CPU.ActiveCfg = Release|Any CPU
		{FFA4D7F9-23A1-4418-8DE7-243293E9F48F}.Release|Any CPU.Build.0 = Release|Any CPU
	EndGlobalSection
	GlobalSection(SolutionProperties) = preSolution
		HideSolutionNode = FALSE
	EndGlobalSection
	GlobalSection(ExtensibilityGlobals) = postSolution
		SolutionGuid = {09236048-8CB2-4EB0-A019-B93C4A7EB610}
	EndGlobalSection
EndGlobal
