
Microsoft Visual Studio Solution File, Format Version 12.00
# Visual Studio Version 17
VisualStudioVersion = 17.14.36414.22 d17.14
MinimumVisualStudioVersion = 10.0.40219.1
Project("{FAE04EC0-301F-11D3-BF4B-00C04F79EFBC}") = "13", "13\13.csproj", "{7A3A00BC-FBCF-49FC-81F6-A4D8F5F856FF}"
EndProject
Global
	GlobalSection(SolutionConfigurationPlatforms) = preSolution
		Debug|Any CPU = Debug|Any CPU
		Release|Any CPU = Release|Any CPU
	EndGlobalSection
	GlobalSection(ProjectConfigurationPlatforms) = postSolution
		{7A3A00BC-FBCF-49FC-81F6-A4D8F5F856FF}.Debug|Any CPU.ActiveCfg = Debug|Any CPU
		{7A3A00BC-FBCF-49FC-81F6-A4D8F5F856FF}.Debug|Any CPU.Build.0 = Debug|Any CPU
		{7A3A00BC-FBCF-49FC-81F6-A4D8F5F856FF}.Release|Any CPU.ActiveCfg = Release|Any CPU
		{7A3A00BC-FBCF-49FC-81F6-A4D8F5F856FF}.Release|Any CPU.Build.0 = Release|Any CPU
	EndGlobalSection
	GlobalSection(SolutionProperties) = preSolution
		HideSolutionNode = FALSE
	EndGlobalSection
	GlobalSection(ExtensibilityGlobals) = postSolution
		SolutionGuid = {F84D7821-9526-4F23-A4E7-727BADBDDDCD}
	EndGlobalSection
EndGlobal
