
Microsoft Visual Studio Solution File, Format Version 12.00
# Visual Studio Version 17
VisualStudioVersion = 17.14.36414.22 d17.14
MinimumVisualStudioVersion = 10.0.40219.1
Project("{FAE04EC0-301F-11D3-BF4B-00C04F79EFBC}") = "19", "19\19.csproj", "{083FF8AC-ED67-4229-9398-34355A3E0587}"
EndProject
Global
	GlobalSection(SolutionConfigurationPlatforms) = preSolution
		Debug|Any CPU = Debug|Any CPU
		Release|Any CPU = Release|Any CPU
	EndGlobalSection
	GlobalSection(ProjectConfigurationPlatforms) = postSolution
		{083FF8AC-ED67-4229-9398-34355A3E0587}.Debug|Any CPU.ActiveCfg = Debug|Any CPU
		{083FF8AC-ED67-4229-9398-34355A3E0587}.Debug|Any CPU.Build.0 = Debug|Any CPU
		{083FF8AC-ED67-4229-9398-34355A3E0587}.Release|Any CPU.ActiveCfg = Release|Any CPU
		{083FF8AC-ED67-4229-9398-34355A3E0587}.Release|Any CPU.Build.0 = Release|Any CPU
	EndGlobalSection
	GlobalSection(SolutionProperties) = preSolution
		HideSolutionNode = FALSE
	EndGlobalSection
	GlobalSection(ExtensibilityGlobals) = postSolution
		SolutionGuid = {6EEE2BFB-0779-431E-A508-D0C1DFC00E75}
	EndGlobalSection
EndGlobal
