
Microsoft Visual Studio Solution File, Format Version 12.00
# Visual Studio Version 17
VisualStudioVersion = 17.14.36414.22 d17.14
MinimumVisualStudioVersion = 10.0.40219.1
Project("{FAE04EC0-301F-11D3-BF4B-00C04F79EFBC}") = "4", "4\4.csproj", "{CDC01BA6-14DB-47C5-AF19-B264362784E0}"
EndProject
Global
	GlobalSection(SolutionConfigurationPlatforms) = preSolution
		Debug|Any CPU = Debug|Any CPU
		Release|Any CPU = Release|Any CPU
	EndGlobalSection
	GlobalSection(ProjectConfigurationPlatforms) = postSolution
		{CDC01BA6-14DB-47C5-AF19-B264362784E0}.Debug|Any CPU.ActiveCfg = Debug|Any CPU
		{CDC01BA6-14DB-47C5-AF19-B264362784E0}.Debug|Any CPU.Build.0 = Debug|Any CPU
		{CDC01BA6-14DB-47C5-AF19-B264362784E0}.Release|Any CPU.ActiveCfg = Release|Any CPU
		{CDC01BA6-14DB-47C5-AF19-B264362784E0}.Release|Any CPU.Build.0 = Release|Any CPU
	EndGlobalSection
	GlobalSection(SolutionProperties) = preSolution
		HideSolutionNode = FALSE
	EndGlobalSection
	GlobalSection(ExtensibilityGlobals) = postSolution
		SolutionGuid = {DCEC02FF-8FD4-40FA-BEF4-DDF4BB6A85A2}
	EndGlobalSection
EndGlobal
